
Microsoft Visual Studio Solution File, Format Version 12.00
# Visual Studio Version 16
VisualStudioVersion = 16.0.31729.503
MinimumVisualStudioVersion = 10.0.40219.1
Project("{9A19103F-16F7-4668-BE54-9A1E7A4F7556}") = "BillaCheckout.Console", "BillaCheckout\BillaCheckout.Console.csproj", "{DA9086BE-F9DB-4A75-A81F-FE2D5952AEB8}"
EndProject
Project("{9A19103F-16F7-4668-BE54-9A1E7A4F7556}") = "BillaCheckout.Core", "BillaCheckout.Core\BillaCheckout.Core.csproj", "{362E7B22-547E-4165-9523-51BAA0AB1616}"
EndProject
Project("{9A19103F-16F7-4668-BE54-9A1E7A4F7556}") = "BillaCheckout.Test", "BillaCheckout.Test\BillaCheckout.Test.csproj", "{B8C87EA8-8613-4C55-B41B-BE9C2456DCEE}"
EndProject
Global
	GlobalSection(SolutionConfigurationPlatforms) = preSolution
		Debug|Any CPU = Debug|Any CPU
		Release|Any CPU = Release|Any CPU
	EndGlobalSection
	GlobalSection(ProjectConfigurationPlatforms) = postSolution
		{DA9086BE-F9DB-4A75-A81F-FE2D5952AEB8}.Debug|Any CPU.ActiveCfg = Debug|Any CPU
		{DA9086BE-F9DB-4A75-A81F-FE2D5952AEB8}.Debug|Any CPU.Build.0 = Debug|Any CPU
		{DA9086BE-F9DB-4A75-A81F-FE2D5952AEB8}.Release|Any CPU.ActiveCfg = Release|Any CPU
		{DA9086BE-F9DB-4A75-A81F-FE2D5952AEB8}.Release|Any CPU.Build.0 = Release|Any CPU
		{362E7B22-547E-4165-9523-51BAA0AB1616}.Debug|Any CPU.ActiveCfg = Debug|Any CPU
		{362E7B22-547E-4165-9523-51BAA0AB1616}.Debug|Any CPU.Build.0 = Debug|Any CPU
		{362E7B22-547E-4165-9523-51BAA0AB1616}.Release|Any CPU.ActiveCfg = Release|Any CPU
		{362E7B22-547E-4165-9523-51BAA0AB1616}.Release|Any CPU.Build.0 = Release|Any CPU
		{B8C87EA8-8613-4C55-B41B-BE9C2456DCEE}.Debug|Any CPU.ActiveCfg = Debug|Any CPU
		{B8C87EA8-8613-4C55-B41B-BE9C2456DCEE}.Debug|Any CPU.Build.0 = Debug|Any CPU
		{B8C87EA8-8613-4C55-B41B-BE9C2456DCEE}.Release|Any CPU.ActiveCfg = Release|Any CPU
		{B8C87EA8-8613-4C55-B41B-BE9C2456DCEE}.Release|Any CPU.Build.0 = Release|Any CPU
	EndGlobalSection
	GlobalSection(SolutionProperties) = preSolution
		HideSolutionNode = FALSE
	EndGlobalSection
	GlobalSection(ExtensibilityGlobals) = postSolution
		SolutionGuid = {E8911152-DF65-44FC-AB93-13498787D5BD}
	EndGlobalSection
EndGlobal
